github.com/alexjoedt/log v1.6.0 h1:StZmLtJW0yBnlvDTUEMyZTnuNHAAcngTPIMQ0KgYuNc=
github.com/alexjoedt/log v1.6.0/go.mod h1:rnIFvWNn/tn7Gu8UkAmq8XNF8nGYNDziFJ+Xa6fWYu4=
github.com/rs/xid v1.6.0 h1:fV591PaemRlL6JfRxGDEPl69wICngIQ3shQtzfy2gxU=
github.com/rs/xid v1.6.0/go.mod h1:7XoLgs4eV+QndskICGsho+ADou8ySMSjJKDIan90Nz0=
